
Microsoft Visual Studio Solution File, Format Version 12.00
# Visual Studio Version 16
VisualStudioVersion = 16.0.32802.440
MinimumVisualStudioVersion = 10.0.40219.1
Project("{FAE04EC0-301F-11D3-BF4B-00C04F79EFBC}") = "task_1", "task_1\task_1.csproj", "{55DE4B51-BE26-4505-A783-401253D115F4}"
EndProject
Global
	GlobalSection(SolutionConfigurationPlatforms) = preSolution
		Debug|Any CPU = Debug|Any CPU
		Release|Any CPU = Release|Any CPU
	EndGlobalSection
	GlobalSection(ProjectConfigurationPlatforms) = postSolution
		{55DE4B51-BE26-4505-A783-401253D115F4}.Debug|Any CPU.ActiveCfg = Debug|Any CPU
		{55DE4B51-BE26-4505-A783-401253D115F4}.Debug|Any CPU.Build.0 = Debug|Any CPU
		{55DE4B51-BE26-4505-A783-401253D115F4}.Release|Any CPU.ActiveCfg = Release|Any CPU
		{55DE4B51-BE26-4505-A783-401253D115F4}.Release|Any CPU.Build.0 = Release|Any CPU
	EndGlobalSection
	GlobalSection(SolutionProperties) = preSolution
		HideSolutionNode = FALSE
	EndGlobalSection
	GlobalSection(ExtensibilityGlobals) = postSolution
		SolutionGuid = {E0F3777A-4935-4897-B52A-51F0A869441A}
	EndGlobalSection
EndGlobal
