
Microsoft Visual Studio Solution File, Format Version 12.00
# Visual Studio Version 16
VisualStudioVersion = 16.0.32802.440
MinimumVisualStudioVersion = 10.0.40219.1
Project("{FAE04EC0-301F-11D3-BF4B-00C04F79EFBC}") = "task_2", "ConsoleApp1\task_2.csproj", "{D40A3E69-BF41-4004-8EA7-515070400696}"
EndProject
Project("{FAE04EC0-301F-11D3-BF4B-00C04F79EFBC}") = "Test_2", "Test_2\Test_2.csproj", "{172A67E7-8B93-4411-9ABE-8D19BAF31F26}"
EndProject
Global
	GlobalSection(SolutionConfigurationPlatforms) = preSolution
		Debug|Any CPU = Debug|Any CPU
		Release|Any CPU = Release|Any CPU
	EndGlobalSection
	GlobalSection(ProjectConfigurationPlatforms) = postSolution
		{D40A3E69-BF41-4004-8EA7-515070400696}.Debug|Any CPU.ActiveCfg = Debug|Any CPU
		{D40A3E69-BF41-4004-8EA7-515070400696}.Debug|Any CPU.Build.0 = Debug|Any CPU
		{D40A3E69-BF41-4004-8EA7-515070400696}.Release|Any CPU.ActiveCfg = Release|Any CPU
		{D40A3E69-BF41-4004-8EA7-515070400696}.Release|Any CPU.Build.0 = Release|Any CPU
		{172A67E7-8B93-4411-9ABE-8D19BAF31F26}.Debug|Any CPU.ActiveCfg = Debug|Any CPU
		{172A67E7-8B93-4411-9ABE-8D19BAF31F26}.Debug|Any CPU.Build.0 = Debug|Any CPU
		{172A67E7-8B93-4411-9ABE-8D19BAF31F26}.Release|Any CPU.ActiveCfg = Release|Any CPU
		{172A67E7-8B93-4411-9ABE-8D19BAF31F26}.Release|Any CPU.Build.0 = Release|Any CPU
	EndGlobalSection
	GlobalSection(SolutionProperties) = preSolution
		HideSolutionNode = FALSE
	EndGlobalSection
	GlobalSection(ExtensibilityGlobals) = postSolution
		SolutionGuid = {F7306C5E-487D-481B-85F8-4F34CBC3467E}
	EndGlobalSection
EndGlobal
